
Microsoft Visual Studio Solution File, Format Version 12.00
# Visual Studio Version 17
VisualStudioVersion = 17.11.35327.3
MinimumVisualStudioVersion = 10.0.40219.1
Project("{9A19103F-16F7-4668-BE54-9A1E7A4F7556}") = "RoSharp", "RoSharp.csproj", "{19D09D21-E533-4AAA-9F51-401FE4921985}"
EndProject
Global
	GlobalSection(SolutionConfigurationPlatforms) = preSolution
		Debug|Any CPU = Debug|Any CPU
		Release|Any CPU = Release|Any CPU
	EndGlobalSection
	GlobalSection(ProjectConfigurationPlatforms) = postSolution
		{19D09D21-E533-4AAA-9F51-401FE4921985}.Debug|Any CPU.ActiveCfg = Debug|Any CPU
		{19D09D21-E533-4AAA-9F51-401FE4921985}.Debug|Any CPU.Build.0 = Debug|Any CPU
		{19D09D21-E533-4AAA-9F51-401FE4921985}.Release|Any CPU.ActiveCfg = Release|Any CPU
		{19D09D21-E533-4AAA-9F51-401FE4921985}.Release|Any CPU.Build.0 = Release|Any CPU
	EndGlobalSection
	GlobalSection(SolutionProperties) = preSolution
		HideSolutionNode = FALSE
	EndGlobalSection
	GlobalSection(ExtensibilityGlobals) = postSolution
		SolutionGuid = {74F912AB-34F8-45DB-8DC6-10B1D78026A9}
	EndGlobalSection
EndGlobal
